
Microsoft Visual Studio Solution File, Format Version 12.00
# Visual Studio Version 16
VisualStudioVersion = 16.0.29728.190
MinimumVisualStudioVersion = 10.0.40219.1
Project("{9A19103F-16F7-4668-BE54-9A1E7A4F7556}") = "Kavenegar", "Kavenegar\Kavenegar.csproj", "{28209ADB-60BA-4E6C-B802-B2CC0AB85181}"
EndProject
Global
	GlobalSection(SolutionConfigurationPlatforms) = preSolution
		Debug|Any CPU = Debug|Any CPU
		Release|Any CPU = Release|Any CPU
	EndGlobalSection
	GlobalSection(ProjectConfigurationPlatforms) = postSolution
		{28209ADB-60BA-4E6C-B802-B2CC0AB85181}.Debug|Any CPU.ActiveCfg = Debug|Any CPU
		{28209ADB-60BA-4E6C-B802-B2CC0AB85181}.Debug|Any CPU.Build.0 = Debug|Any CPU
		{28209ADB-60BA-4E6C-B802-B2CC0AB85181}.Release|Any CPU.ActiveCfg = Release|Any CPU
		{28209ADB-60BA-4E6C-B802-B2CC0AB85181}.Release|Any CPU.Build.0 = Release|Any CPU
	EndGlobalSection
	GlobalSection(SolutionProperties) = preSolution
		HideSolutionNode = FALSE
	EndGlobalSection
	GlobalSection(ExtensibilityGlobals) = postSolution
		SolutionGuid = {8386A373-534E-4F96-94B0-F3F96EB9017A}
	EndGlobalSection
EndGlobal
